
Microsoft Visual Studio Solution File, Format Version 12.00
# Visual Studio Version 18
VisualStudioVersion = 18.4.11620.152 stable
MinimumVisualStudioVersion = 10.0.40219.1
Project("{FAE04EC0-301F-11D3-BF4B-00C04F79EFBC}") = "Agendamento", "Agendamento.csproj", "{343017C1-7FD4-177C-5823-5874F79F583D}"
EndProject
Project("{FAE04EC0-301F-11D3-BF4B-00C04F79EFBC}") = "Agendamento.Tests", "Agendamento.Tests\Agendamento.Tests.csproj", "{C4D5E6F7-A8B9-0123-CDEF-456789012345}"
EndProject
Global
	GlobalSection(SolutionConfigurationPlatforms) = preSolution
		Debug|Any CPU = Debug|Any CPU
		Release|Any CPU = Release|Any CPU
	EndGlobalSection
	GlobalSection(ProjectConfigurationPlatforms) = postSolution
		{343017C1-7FD4-177C-5823-5874F79F583D}.Debug|Any CPU.ActiveCfg = Debug|Any CPU
		{343017C1-7FD4-177C-5823-5874F79F583D}.Debug|Any CPU.Build.0 = Debug|Any CPU
		{343017C1-7FD4-177C-5823-5874F79F583D}.Release|Any CPU.ActiveCfg = Release|Any CPU
		{343017C1-7FD4-177C-5823-5874F79F583D}.Release|Any CPU.Build.0 = Release|Any CPU
		{C4D5E6F7-A8B9-0123-CDEF-456789012345}.Debug|Any CPU.ActiveCfg = Debug|Any CPU
		{C4D5E6F7-A8B9-0123-CDEF-456789012345}.Debug|Any CPU.Build.0 = Debug|Any CPU
		{C4D5E6F7-A8B9-0123-CDEF-456789012345}.Release|Any CPU.ActiveCfg = Release|Any CPU
		{C4D5E6F7-A8B9-0123-CDEF-456789012345}.Release|Any CPU.Build.0 = Release|Any CPU
	EndGlobalSection
	GlobalSection(SolutionProperties) = preSolution
		HideSolutionNode = FALSE
	EndGlobalSection
	GlobalSection(ExtensibilityGlobals) = postSolution
		SolutionGuid = {0DF96AB0-ADCF-4CA7-BA59-282E46859E73}
	EndGlobalSection
EndGlobal
